
Microsoft Visual Studio Solution File, Format Version 12.00
# Visual Studio Version 17
VisualStudioVersion = 17.0.32014.148
MinimumVisualStudioVersion = 10.0.40219.1
Project("{9A19103F-16F7-4668-BE54-9A1E7A4F7556}") = "PointOfSale", "PointOfSale\PointOfSale.csproj", "{28B659DB-717A-407A-973E-FD3BDCD13878}"
EndProject
Project("{FAE04EC0-301F-11D3-BF4B-00C04F79EFBC}") = "PointOfSale.Model", "PointOfSale.Model\PointOfSale.Model.csproj", "{F230DD70-670F-464E-B464-CF1227FC4BE6}"
EndProject
Project("{FAE04EC0-301F-11D3-BF4B-00C04F79EFBC}") = "PointOfSale.Data", "PointOfSale.Data\PointOfSale.Data.csproj", "{3B5BC470-051C-4A9E-BBC8-32015B6BF4FD}"
EndProject
Project("{FAE04EC0-301F-11D3-BF4B-00C04F79EFBC}") = "PointOfSale.Business", "PointOfSale.Business\PointOfSale.Business.csproj", "{2F1C2904-AE81-4447-963E-B9BA9DD59226}"
EndProject
Global
	GlobalSection(SolutionConfigurationPlatforms) = preSolution
		Debug|Any CPU = Debug|Any CPU
		Release|Any CPU = Release|Any CPU
	EndGlobalSection
	GlobalSection(ProjectConfigurationPlatforms) = postSolution
		{28B659DB-717A-407A-973E-FD3BDCD13878}.Debug|Any CPU.ActiveCfg = Debug|Any CPU
		{28B659DB-717A-407A-973E-FD3BDCD13878}.Debug|Any CPU.Build.0 = Debug|Any CPU
		{28B659DB-717A-407A-973E-FD3BDCD13878}.Release|Any CPU.ActiveCfg = Release|Any CPU
		{28B659DB-717A-407A-973E-FD3BDCD13878}.Release|Any CPU.Build.0 = Release|Any CPU
		{F230DD70-670F-464E-B464-CF1227FC4BE6}.Debug|Any CPU.ActiveCfg = Debug|Any CPU
		{F230DD70-670F-464E-B464-CF1227FC4BE6}.Debug|Any CPU.Build.0 = Debug|Any CPU
		{F230DD70-670F-464E-B464-CF1227FC4BE6}.Release|Any CPU.ActiveCfg = Release|Any CPU
		{F230DD70-670F-464E-B464-CF1227FC4BE6}.Release|Any CPU.Build.0 = Release|Any CPU
		{3B5BC470-051C-4A9E-BBC8-32015B6BF4FD}.Debug|Any CPU.ActiveCfg = Debug|Any CPU
		{3B5BC470-051C-4A9E-BBC8-32015B6BF4FD}.Debug|Any CPU.Build.0 = Debug|Any CPU
		{3B5BC470-051C-4A9E-BBC8-32015B6BF4FD}.Release|Any CPU.ActiveCfg = Release|Any CPU
		{3B5BC470-051C-4A9E-BBC8-32015B6BF4FD}.Release|Any CPU.Build.0 = Release|Any CPU
		{2F1C2904-AE81-4447-963E-B9BA9DD59226}.Debug|Any CPU.ActiveCfg = Debug|Any CPU
		{2F1C2904-AE81-4447-963E-B9BA9DD59226}.Debug|Any CPU.Build.0 = Debug|Any CPU
		{2F1C2904-AE81-4447-963E-B9BA9DD59226}.Release|Any CPU.ActiveCfg = Release|Any CPU
		{2F1C2904-AE81-4447-963E-B9BA9DD59226}.Release|Any CPU.Build.0 = Release|Any CPU
	EndGlobalSection
	GlobalSection(SolutionProperties) = preSolution
		HideSolutionNode = FALSE
	EndGlobalSection
	GlobalSection(ExtensibilityGlobals) = postSolution
		SolutionGuid = {CF6D808A-17CF-4B02-9C48-78423F38A4CD}
	EndGlobalSection
EndGlobal
